// !$*UTF8*$!
{
	archiveVersion = 1;
	classes = {
	};
	objectVersion = 46;
	objects = {

/* Begin PBXBuildFile section */
		ABF0239A1B6D23FC00F66281 /* main.m in Sources */ = {isa = PBXBuildFile; fileRef = ABF023991B6D23FC00F66281 /* main.m */; };
		ABF0239D1B6D23FC00F66281 /* AppDelegate.m in Sources */ = {isa = PBXBuildFile; fileRef = ABF0239C1B6D23FC00F66281 /* AppDelegate.m */; };
		ABF023A51B6D23FC00F66281 /* Images.xcassets in Resources */ = {isa = PBXBuildFile; fileRef = ABF023A41B6D23FC00F66281 /* Images.xcassets */; };
		ABF023A81B6D23FC00F66281 /* LaunchScreen.xib in Resources */ = {isa = PBXBuildFile; fileRef = ABF023A61B6D23FC00F66281 /* LaunchScreen.xib */; };
/* End PBXBuildFile section */

/* Begin PBXFileReference section */
		ABF023941B6D23FC00F66281 /* YardSales.app */ = {isa = PBXFileReference; explicitFileType = wrapper.application; includeInIndex = 0; path = YardSales.app; sourceTree = BUILT_PRODUCTS_DIR; };
		ABF023981B6D23FC00F66281 /* Info.plist */ = {isa = PBXFileReference; lastKnownFileType = text.plist.xml; path = Info.plist; sourceTree = "<group>"; };
		ABF023991B6D23FC00F66281 /* main.m */ = {isa = PBXFileReference; lastKnownFileType = sourcecode.c.objc; path = main.m; sourceTree = "<group>"; };
		ABF0239B1B6D23FC00F66281 /* AppDelegate.h */ = {isa = PBXFileReference; lastKnownFileType = sourcecode.c.h; path = AppDelegate.h; sourceTree = "<group>"; };
		ABF0239C1B6D23FC00F66281 /* AppDelegate.m */ = {isa = PBXFileReference; lastKnownFileType = sourcecode.c.objc; path = AppDelegate.m; sourceTree = "<group>"; };
		ABF023A41B6D23FC00F66281 /* Images.xcassets */ = {isa = PBXFileReference; lastKnownFileType = folder.assetcatalog; path = Images.xcassets; sourceTree = "<group>"; };
		ABF023A71B6D23FC00F66281 /* Base */ = {isa = PBXFileReference; lastKnownFileType = file.xib; name = Base; path = Base.lproj/LaunchScreen.xib; sourceTree = "<group>"; };
/* End PBXFileReference section */

/* Begin PBXFrameworksBuildPhase section */
		ABF023911B6D23FC00F66281 /* Frameworks */ = {
			isa = PBXFrameworksBuildPhase;
			buildActionMask = 2147483647;
			files = (
			);
			runOnlyForDeploymentPostprocessing = 0;
		};
/* End PBXFrameworksBuildPhase section */

/* Begin PBXGroup section */
		ABF023891B6D23D300F66281 = {
			isa = PBXGroup;
			children = (
				ABF023961B6D23FC00F66281 /* YardSales */,
				ABF023951B6D23FC00F66281 /* Products */,
			);
			sourceTree = "<group>";
		};
		ABF023951B6D23FC00F66281 /* Products */ = {
			isa = PBXGroup;
			children = (
				ABF023941B6D23FC00F66281 /* YardSales.app */,
			);
			name = Products;
			sourceTree = "<group>";
		};
		ABF023961B6D23FC00F66281 /* YardSales */ = {
			isa = PBXGroup;
			children = (
				ABF0239B1B6D23FC00F66281 /* AppDelegate.h */,
				ABF0239C1B6D23FC00F66281 /* AppDelegate.m */,
				ABF023A41B6D23FC00F66281 /* Images.xcassets */,
				ABF023A61B6D23FC00F66281 /* LaunchScreen.xib */,
				ABF023971B6D23FC00F66281 /* Supporting Files */,
			);
			path = YardSales;
			sourceTree = "<group>";
		};
		ABF023971B6D23FC00F66281 /* Supporting Files */ = {
			isa = PBXGroup;
			children = (
				ABF023981B6D23FC00F66281 /* Info.plist */,
				ABF023991B6D23FC00F66281 /* main.m */,
			);
			name = "Supporting Files";
			sourceTree = "<group>";
		};
/* End PBXGroup section */

/* Begin PBXNativeTarget section */
		ABF023931B6D23FC00F66281 /* YardSales */ = {
			isa = PBXNativeTarget;
			buildConfigurationList = ABF023B51B6D23FD00F66281 /* Build configuration list for PBXNativeTarget "YardSales" */;
			buildPhases = (
				ABF023901B6D23FC00F66281 /* Sources */,
				ABF023911B6D23FC00F66281 /* Frameworks */,
				ABF023921B6D23FC00F66281 /* Resources */,
			);
			buildRules = (
			);
			dependencies = (
			);
			name = YardSales;
			productName = YardSales;
			productReference = ABF023941B6D23FC00F66281 /* YardSales.app */;
			productType = "com.apple.product-type.application";
		};
/* End PBXNativeTarget section */

/* Begin PBXProject section */
		ABF0238A1B6D23D300F66281 /* Project object */ = {
			isa = PBXProject;
			attributes = {
				LastUpgradeCheck = 0640;
				TargetAttributes = {
					ABF023931B6D23FC00F66281 = {
						CreatedOnToolsVersion = 6.4;
					};
				};
			};
			buildConfigurationList = ABF0238D1B6D23D300F66281 /* Build configuration list for PBXProject "YardSales" */;
			compatibilityVersion = "Xcode 3.2";
			developmentRegion = English;
			hasScannedForEncodings = 0;
			knownRegions = (
				en,
				Base,
			);
			mainGroup = ABF023891B6D23D300F66281;
			productRefGroup = ABF023951B6D23FC00F66281 /* Products */;
			projectDirPath = "";
			projectRoot = "";
			targets = (
				ABF023931B6D23FC00F66281 /* YardSales */,
			);
		};
/* End PBXProject section */

/* Begin PBXResourcesBuildPhase section */
		ABF023921B6D23FC00F66281 /* Resources */ = {
			isa = PBXResourcesBuildPhase;
			buildActionMask = 2147483647;
			files = (
				ABF023A81B6D23FC00F66281 /* LaunchScreen.xib in Resources */,
				ABF023A51B6D23FC00F66281 /* Images.xcassets in Resources */,
			);
			runOnlyForDeploymentPostprocessing = 0;
		};
/* End PBXResourcesBuildPhase section */

/* Begin PBXSourcesBuildPhase section */
		ABF023901B6D23FC00F66281 /* Sources */ = {
			isa = PBXSourcesBuildPhase;
			buildActionMask = 2147483647;
			files = (
				ABF0239D1B6D23FC00F66281 /* AppDelegate.m in Sources */,
				ABF0239A1B6D23FC00F66281 /* main.m in Sources */,
			);
			runOnlyForDeploymentPostprocessing = 0;
		};
/* End PBXSourcesBuildPhase section */

/* Begin PBXVariantGroup section */
		ABF023A61B6D23FC00F66281 /* LaunchScreen.xib */ = {
			isa = PBXVariantGroup;
			children = (
				ABF023A71B6D23FC00F66281 /* Base */,
			);
			name = LaunchScreen.xib;
			sourceTree = "<group>";
		};
/* End PBXVariantGroup section */

/* Begin XCBuildConfiguration section */
		ABF0238E1B6D23D300F66281 /* Debug */ = {
			isa = XCBuildConfiguration;
			buildSettings = {
			};
			name = Debug;
		};
		ABF0238F1B6D23D300F66281 /* Release */ = {
			isa = XCBuildConfiguration;
			buildSettings = {
			};
			name = Release;
		};
		ABF023B61B6D23FD00F66281 /* Debug */ = {
			isa = XCBuildConfiguration;
			buildSettings = {
				ALWAYS_SEARCH_USER_PATHS = NO;
				ASSETCATALOG_COMPILER_APPICON_NAME = AppIcon;
				CLANG_CXX_LANGUAGE_STANDARD = "gnu++0x";
				CLANG_CXX_LIBRARY = "libc++";
				CLANG_ENABLE_MODULES = YES;
				CLANG_ENABLE_OBJC_ARC = YES;
				CLANG_WARN_BOOL_CONVERSION = YES;
				CLANG_WARN_CONSTANT_CONVERSION = YES;
				CLANG_WARN_DIRECT_OBJC_ISA_USAGE = YES_ERROR;
				CLANG_WARN_EMPTY_BODY = YES;
				CLANG_WARN_ENUM_CONVERSION = YES;
				CLANG_WARN_INT_CONVERSION = YES;
				CLANG_WARN_OBJC_ROOT_CLASS = YES_ERROR;
				CLANG_WARN_UNREACHABLE_CODE = YES;
				CLANG_WARN__DUPLICATE_METHOD_MATCH = YES;
				"CODE_SIGN_IDENTITY[sdk=iphoneos*]" = "iPhone Developer";
				COPY_PHASE_STRIP = NO;
				DEBUG_INFORMATION_FORMAT = "dwarf-with-dsym";
				ENABLE_STRICT_OBJC_MSGSEND = YES;
				GCC_C_LANGUAGE_STANDARD = gnu99;
				GCC_DYNAMIC_NO_PIC = NO;
				GCC_NO_COMMON_BLOCKS = YES;
				GCC_OPTIMIZATION_LEVEL = 0;
				GCC_PREPROCESSOR_DEFINITIONS = (
					"DEBUG=1",
					"$(inherited)",
				);
				GCC_SYMBOLS_PRIVATE_EXTERN = NO;
				GCC_WARN_64_TO_32_BIT_CONVERSION = YES;
				GCC_WARN_ABOUT_RETURN_TYPE = YES_ERROR;
				GCC_WARN_UNDECLARED_SELECTOR = YES;
				GCC_WARN_UNINITIALIZED_AUTOS = YES_AGGRESSIVE;
				GCC_WARN_UNUSED_FUNCTION = YES;
				GCC_WARN_UNUSED_VARIABLE = YES;
				INFOPLIST_FILE = YardSales/Info.plist;
				IPHONEOS_DEPLOYMENT_TARGET = 8.0;
				LD_RUNPATH_SEARCH_PATHS = "$(inherited) @executable_path/Frameworks";
				MTL_ENABLE_DEBUG_INFO = YES;
				ONLY_ACTIVE_ARCH = YES;
				PRODUCT_NAME = "$(TARGET_NAME)";
				SDKROOT = iphoneos;
			};
			name = Debug;
		};
		ABF023B71B6D23FD00F66281 /* Release */ = {
			isa = XCBuildConfiguration;
			buildSettings = {
				ALWAYS_SEARCH_USER_PATHS = NO;
				ASSETCATALOG_COMPILER_APPICON_NAME = AppIcon;
				CLANG_CXX_LANGUAGE_STANDARD = "gnu++0x";
				CLANG_CXX_LIBRARY = "libc++";
				CLANG_ENABLE_MODULES = YES;
				CLANG_ENABLE_OBJC_ARC = YES;
				CLANG_WARN_BOOL_CONVERSION = YES;
				CLANG_WARN_CONSTANT_CONVERSION = YES;
				CLANG_WARN_DIRECT_OBJC_ISA_USAGE = YES_ERROR;
				CLANG_WARN_EMPTY_BODY = YES;
				CLANG_WARN_ENUM_CONVERSION = YES;
				CLANG_WARN_INT_CONVERSION = YES;
				CLANG_WARN_OBJC_ROOT_CLASS = YES_ERROR;
				CLANG_WARN_UNREACHABLE_CODE = YES;
				CLANG_WARN__DUPLICATE_METHOD_MATCH = YES;
				"CODE_SIGN_IDENTITY[sdk=iphoneos*]" = "iPhone Developer";
				COPY_PHASE_STRIP = NO;
				DEBUG_INFORMATION_FORMAT = "dwarf-with-dsym";
				ENABLE_NS_ASSERTIONS = NO;
				ENABLE_STRICT_OBJC_MSGSEND = YES;
				GCC_C_LANGUAGE_STANDARD = gnu99;
				GCC_NO_COMMON_BLOCKS = YES;
				GCC_WARN_64_TO_32_BIT_CONVERSION = YES;
				GCC_WARN_ABOUT_RETURN_TYPE = YES_ERROR;
				GCC_WARN_UNDECLARED_SELECTOR = YES;
				GCC_WARN_UNINITIALIZED_AUTOS = YES_AGGRESSIVE;
				GCC_WARN_UNUSED_FUNCTION = YES;
				GCC_WARN_UNUSED_VARIABLE = YES;
				INFOPLIST_FILE = YardSales/Info.plist;
				IPHONEOS_DEPLOYMENT_TARGET = 8.0;
				LD_RUNPATH_SEARCH_PATHS = "$(inherited) @executable_path/Frameworks";
				MTL_ENABLE_DEBUG_INFO = NO;
				PRODUCT_NAME = "$(TARGET_NAME)";
				SDKROOT = iphoneos;
				VALIDATE_PRODUCT = YES;
			};
			name = Release;
		};
/* End XCBuildConfiguration section */

/* Begin XCConfigurationList section */
		ABF0238D1B6D23D300F66281 /* Build configuration list for PBXProject "YardSales" */ = {
			isa = XCConfigurationList;
			buildConfigurations = (
				ABF0238E1B6D23D300F66281 /* Debug */,
				ABF0238F1B6D23D300F66281 /* Release */,
			);
			defaultConfigurationIsVisible = 0;
			defaultConfigurationName = Release;
		};
		ABF023B51B6D23FD00F66281 /* Build configuration list for PBXNativeTarget "YardSales" */ = {
			isa = XCConfigurationList;
			buildConfigurations = (
				ABF023B61B6D23FD00F66281 /* Debug */,
				ABF023B71B6D23FD00F66281 /* Release */,
			);
			defaultConfigurationIsVisible = 0;
		};
/* End XCConfigurationList section */
	};
	rootObject = ABF0238A1B6D23D300F66281 /* Project object */;
}
